
Microsoft Visual Studio Solution File, Format Version 12.00
# Visual Studio Version 17
VisualStudioVersion = 17.4.33205.214
MinimumVisualStudioVersion = 10.0.40219.1
Project("{FAE04EC0-301F-11D3-BF4B-00C04F79EFBC}") = "UserService", "UserService\UserService.csproj", "{BAAC872C-3DDC-42AC-88D8-D56B923BDBD5}"
EndProject
Project("{FAE04EC0-301F-11D3-BF4B-00C04F79EFBC}") = "Entities", "Entities\Entities.csproj", "{832BE8CF-D33D-43AF-9777-4B245F0D51EA}"
EndProject
Project("{FAE04EC0-301F-11D3-BF4B-00C04F79EFBC}") = "Contracts", "Contracts\Contracts.csproj", "{D137CBEA-AB5E-43BE-B45B-9567937F86CE}"
EndProject
Project("{FAE04EC0-301F-11D3-BF4B-00C04F79EFBC}") = "Repository", "Repository\Repository.csproj", "{17F55E92-D6DA-45A1-B8B0-CAA2AAB6B5D4}"
EndProject
Project("{FAE04EC0-301F-11D3-BF4B-00C04F79EFBC}") = "Services", "Services\Services.csproj", "{5E4533BB-1F9C-49F2-9AAB-6D6C2C09D5F0}"
EndProject
Global
	GlobalSection(SolutionConfigurationPlatforms) = preSolution
		Debug|Any CPU = Debug|Any CPU
		Release|Any CPU = Release|Any CPU
	EndGlobalSection
	GlobalSection(ProjectConfigurationPlatforms) = postSolution
		{BAAC872C-3DDC-42AC-88D8-D56B923BDBD5}.Debug|Any CPU.ActiveCfg = Debug|Any CPU
		{BAAC872C-3DDC-42AC-88D8-D56B923BDBD5}.Debug|Any CPU.Build.0 = Debug|Any CPU
		{BAAC872C-3DDC-42AC-88D8-D56B923BDBD5}.Release|Any CPU.ActiveCfg = Release|Any CPU
		{BAAC872C-3DDC-42AC-88D8-D56B923BDBD5}.Release|Any CPU.Build.0 = Release|Any CPU
		{832BE8CF-D33D-43AF-9777-4B245F0D51EA}.Debug|Any CPU.ActiveCfg = Debug|Any CPU
		{832BE8CF-D33D-43AF-9777-4B245F0D51EA}.Debug|Any CPU.Build.0 = Debug|Any CPU
		{832BE8CF-D33D-43AF-9777-4B245F0D51EA}.Release|Any CPU.ActiveCfg = Release|Any CPU
		{832BE8CF-D33D-43AF-9777-4B245F0D51EA}.Release|Any CPU.Build.0 = Release|Any CPU
		{D137CBEA-AB5E-43BE-B45B-9567937F86CE}.Debug|Any CPU.ActiveCfg = Debug|Any CPU
		{D137CBEA-AB5E-43BE-B45B-9567937F86CE}.Debug|Any CPU.Build.0 = Debug|Any CPU
		{D137CBEA-AB5E-43BE-B45B-9567937F86CE}.Release|Any CPU.ActiveCfg = Release|Any CPU
		{D137CBEA-AB5E-43BE-B45B-9567937F86CE}.Release|Any CPU.Build.0 = Release|Any CPU
		{17F55E92-D6DA-45A1-B8B0-CAA2AAB6B5D4}.Debug|Any CPU.ActiveCfg = Debug|Any CPU
		{17F55E92-D6DA-45A1-B8B0-CAA2AAB6B5D4}.Debug|Any CPU.Build.0 = Debug|Any CPU
		{17F55E92-D6DA-45A1-B8B0-CAA2AAB6B5D4}.Release|Any CPU.ActiveCfg = Release|Any CPU
		{17F55E92-D6DA-45A1-B8B0-CAA2AAB6B5D4}.Release|Any CPU.Build.0 = Release|Any CPU
		{5E4533BB-1F9C-49F2-9AAB-6D6C2C09D5F0}.Debug|Any CPU.ActiveCfg = Debug|Any CPU
		{5E4533BB-1F9C-49F2-9AAB-6D6C2C09D5F0}.Debug|Any CPU.Build.0 = Debug|Any CPU
		{5E4533BB-1F9C-49F2-9AAB-6D6C2C09D5F0}.Release|Any CPU.ActiveCfg = Release|Any CPU
		{5E4533BB-1F9C-49F2-9AAB-6D6C2C09D5F0}.Release|Any CPU.Build.0 = Release|Any CPU
	EndGlobalSection
	GlobalSection(SolutionProperties) = preSolution
		HideSolutionNode = FALSE
	EndGlobalSection
	GlobalSection(ExtensibilityGlobals) = postSolution
		SolutionGuid = {6DDDA9AE-648F-4DD5-9B88-2BD5D209553C}
	EndGlobalSection
EndGlobal
